
Microsoft Visual Studio Solution File, Format Version 12.00
# Visual Studio 15
VisualStudioVersion = 15.0.28307.705
MinimumVisualStudioVersion = 10.0.40219.1
Project("{FAE04EC0-301F-11D3-BF4B-00C04F79EFBC}") = "CECBTIMS", "CECBTIMS\CECBTIMS.csproj", "{39FC0B93-AAF3-4737-A079-7E6914BCA25C}"
EndProject
Global
	GlobalSection(SolutionConfigurationPlatforms) = preSolution
		Debug|Any CPU = Debug|Any CPU
		Release|Any CPU = Release|Any CPU
	EndGlobalSection
	GlobalSection(ProjectConfigurationPlatforms) = postSolution
		{39FC0B93-AAF3-4737-A079-7E6914BCA25C}.Debug|Any CPU.ActiveCfg = Debug|Any CPU
		{39FC0B93-AAF3-4737-A079-7E6914BCA25C}.Debug|Any CPU.Build.0 = Debug|Any CPU
		{39FC0B93-AAF3-4737-A079-7E6914BCA25C}.Release|Any CPU.ActiveCfg = Release|Any CPU
		{39FC0B93-AAF3-4737-A079-7E6914BCA25C}.Release|Any CPU.Build.0 = Release|Any CPU
	EndGlobalSection
	GlobalSection(SolutionProperties) = preSolution
		HideSolutionNode = FALSE
	EndGlobalSection
	GlobalSection(ExtensibilityGlobals) = postSolution
		SolutionGuid = {7B221B1F-3587-4EC3-9F3E-EFA31F892F85}
	EndGlobalSection
EndGlobal
